// !$*UTF8*$!
{
	archiveVersion = 1;
	classes = {
	};
	objectVersion = 46;
	objects = {

/* Begin PBXBuildFile section */
		6D3D616F1C0EC518002D8420 /* main.m in Sources */ = {isa = PBXBuildFile; fileRef = 6D3D616E1C0EC518002D8420 /* main.m */; };
		6D3D61721C0EC518002D8420 /* AppDelegate.m in Sources */ = {isa = PBXBuildFile; fileRef = 6D3D61711C0EC518002D8420 /* AppDelegate.m */; };
		6D3D61751C0EC518002D8420 /* FirstViewController.m in Sources */ = {isa = PBXBuildFile; fileRef = 6D3D61741C0EC518002D8420 /* FirstViewController.m */; };
		6D3D61781C0EC518002D8420 /* SecondViewController.m in Sources */ = {isa = PBXBuildFile; fileRef = 6D3D61771C0EC518002D8420 /* SecondViewController.m */; };
		6D3D617B1C0EC518002D8420 /* Main.storyboard in Resources */ = {isa = PBXBuildFile; fileRef = 6D3D61791C0EC518002D8420 /* Main.storyboard */; };
		6D3D617D1C0EC518002D8420 /* Assets.xcassets in Resources */ = {isa = PBXBuildFile; fileRef = 6D3D617C1C0EC518002D8420 /* Assets.xcassets */; };
		6D3D61801C0EC518002D8420 /* LaunchScreen.storyboard in Resources */ = {isa = PBXBuildFile; fileRef = 6D3D617E1C0EC518002D8420 /* LaunchScreen.storyboard */; };
		6D3D618B1C0EC518002D8420 /* icdsTests.m in Sources */ = {isa = PBXBuildFile; fileRef = 6D3D618A1C0EC518002D8420 /* icdsTests.m */; };
/* End PBXBuildFile section */

/* Begin PBXContainerItemProxy section */
		6D3D61871C0EC518002D8420 /* PBXContainerItemProxy */ = {
			isa = PBXContainerItemProxy;
			containerPortal = 6D3D61621C0EC518002D8420 /* Project object */;
			proxyType = 1;
			remoteGlobalIDString = 6D3D61691C0EC518002D8420;
			remoteInfo = icds;
		};
/* End PBXContainerItemProxy section */

/* Begin PBXFileReference section */
		6D3D616A1C0EC518002D8420 /* icds.app */ = {isa = PBXFileReference; explicitFileType = wrapper.application; includeInIndex = 0; path = icds.app; sourceTree = BUILT_PRODUCTS_DIR; };
		6D3D616E1C0EC518002D8420 /* main.m */ = {isa = PBXFileReference; lastKnownFileType = sourcecode.c.objc; path = main.m; sourceTree = "<group>"; };
		6D3D61701C0EC518002D8420 /* AppDelegate.h */ = {isa = PBXFileReference; lastKnownFileType = sourcecode.c.h; path = AppDelegate.h; sourceTree = "<group>"; };
		6D3D61711C0EC518002D8420 /* AppDelegate.m */ = {isa = PBXFileReference; lastKnownFileType = sourcecode.c.objc; path = AppDelegate.m; sourceTree = "<group>"; };
		6D3D61731C0EC518002D8420 /* FirstViewController.h */ = {isa = PBXFileReference; lastKnownFileType = sourcecode.c.h; path = FirstViewController.h; sourceTree = "<group>"; };
		6D3D61741C0EC518002D8420 /* FirstViewController.m */ = {isa = PBXFileReference; lastKnownFileType = sourcecode.c.objc; path = FirstViewController.m; sourceTree = "<group>"; };
		6D3D61761C0EC518002D8420 /* SecondViewController.h */ = {isa = PBXFileReference; lastKnownFileType = sourcecode.c.h; path = SecondViewController.h; sourceTree = "<group>"; };
		6D3D61771C0EC518002D8420 /* SecondViewController.m */ = {isa = PBXFileReference; lastKnownFileType = sourcecode.c.objc; path = SecondViewController.m; sourceTree = "<group>"; };
		6D3D617A1C0EC518002D8420 /* Base */ = {isa = PBXFileReference; lastKnownFileType = file.storyboard; name = Base; path = Base.lproj/Main.storyboard; sourceTree = "<group>"; };
		6D3D617C1C0EC518002D8420 /* Assets.xcassets */ = {isa = PBXFileReference; lastKnownFileType = folder.assetcatalog; path = Assets.xcassets; sourceTree = "<group>"; };
		6D3D617F1C0EC518002D8420 /* Base */ = {isa = PBXFileReference; lastKnownFileType = file.storyboard; name = Base; path = Base.lproj/LaunchScreen.storyboard; sourceTree = "<group>"; };
		6D3D61811C0EC518002D8420 /* Info.plist */ = {isa = PBXFileReference; lastKnownFileType = text.plist.xml; path = Info.plist; sourceTree = "<group>"; };
		6D3D61861C0EC518002D8420 /* icdsTests.xctest */ = {isa = PBXFileReference; explicitFileType = wrapper.cfbundle; includeInIndex = 0; path = icdsTests.xctest; sourceTree = BUILT_PRODUCTS_DIR; };
		6D3D618A1C0EC518002D8420 /* icdsTests.m */ = {isa = PBXFileReference; lastKnownFileType = sourcecode.c.objc; path = icdsTests.m; sourceTree = "<group>"; };
		6D3D618C1C0EC518002D8420 /* Info.plist */ = {isa = PBXFileReference; lastKnownFileType = text.plist.xml; path = Info.plist; sourceTree = "<group>"; };
/* End PBXFileReference section */

/* Begin PBXFrameworksBuildPhase section */
		6D3D61671C0EC518002D8420 /* Frameworks */ = {
			isa = PBXFrameworksBuildPhase;
			buildActionMask = 2147483647;
			files = (
			);
			runOnlyForDeploymentPostprocessing = 0;
		};
		6D3D61831C0EC518002D8420 /* Frameworks */ = {
			isa = PBXFrameworksBuildPhase;
			buildActionMask = 2147483647;
			files = (
			);
			runOnlyForDeploymentPostprocessing = 0;
		};
/* End PBXFrameworksBuildPhase section */

/* Begin PBXGroup section */
		6D3D61611C0EC518002D8420 = {
			isa = PBXGroup;
			children = (
				6D3D616C1C0EC518002D8420 /* icds */,
				6D3D61891C0EC518002D8420 /* icdsTests */,
				6D3D616B1C0EC518002D8420 /* Products */,
			);
			sourceTree = "<group>";
		};
		6D3D616B1C0EC518002D8420 /* Products */ = {
			isa = PBXGroup;
			children = (
				6D3D616A1C0EC518002D8420 /* icds.app */,
				6D3D61861C0EC518002D8420 /* icdsTests.xctest */,
			);
			name = Products;
			sourceTree = "<group>";
		};
		6D3D616C1C0EC518002D8420 /* icds */ = {
			isa = PBXGroup;
			children = (
				6D3D61701C0EC518002D8420 /* AppDelegate.h */,
				6D3D61711C0EC518002D8420 /* AppDelegate.m */,
				6D3D61731C0EC518002D8420 /* FirstViewController.h */,
				6D3D61741C0EC518002D8420 /* FirstViewController.m */,
				6D3D61761C0EC518002D8420 /* SecondViewController.h */,
				6D3D61771C0EC518002D8420 /* SecondViewController.m */,
				6D3D61791C0EC518002D8420 /* Main.storyboard */,
				6D3D617C1C0EC518002D8420 /* Assets.xcassets */,
				6D3D617E1C0EC518002D8420 /* LaunchScreen.storyboard */,
				6D3D61811C0EC518002D8420 /* Info.plist */,
				6D3D616D1C0EC518002D8420 /* Supporting Files */,
			);
			path = icds;
			sourceTree = "<group>";
		};
		6D3D616D1C0EC518002D8420 /* Supporting Files */ = {
			isa = PBXGroup;
			children = (
				6D3D616E1C0EC518002D8420 /* main.m */,
			);
			name = "Supporting Files";
			sourceTree = "<group>";
		};
		6D3D61891C0EC518002D8420 /* icdsTests */ = {
			isa = PBXGroup;
			children = (
				6D3D618A1C0EC518002D8420 /* icdsTests.m */,
				6D3D618C1C0EC518002D8420 /* Info.plist */,
			);
			path = icdsTests;
			sourceTree = "<group>";
		};
/* End PBXGroup section */

/* Begin PBXNativeTarget section */
		6D3D61691C0EC518002D8420 /* icds */ = {
			isa = PBXNativeTarget;
			buildConfigurationList = 6D3D618F1C0EC518002D8420 /* Build configuration list for PBXNativeTarget "icds" */;
			buildPhases = (
				6D3D61661C0EC518002D8420 /* Sources */,
				6D3D61671C0EC518002D8420 /* Frameworks */,
				6D3D61681C0EC518002D8420 /* Resources */,
			);
			buildRules = (
			);
			dependencies = (
			);
			name = icds;
			productName = icds;
			productReference = 6D3D616A1C0EC518002D8420 /* icds.app */;
			productType = "com.apple.product-type.application";
		};
		6D3D61851C0EC518002D8420 /* icdsTests */ = {
			isa = PBXNativeTarget;
			buildConfigurationList = 6D3D61921C0EC518002D8420 /* Build configuration list for PBXNativeTarget "icdsTests" */;
			buildPhases = (
				6D3D61821C0EC518002D8420 /* Sources */,
				6D3D61831C0EC518002D8420 /* Frameworks */,
				6D3D61841C0EC518002D8420 /* Resources */,
			);
			buildRules = (
			);
			dependencies = (
				6D3D61881C0EC518002D8420 /* PBXTargetDependency */,
			);
			name = icdsTests;
			productName = icdsTests;
			productReference = 6D3D61861C0EC518002D8420 /* icdsTests.xctest */;
			productType = "com.apple.product-type.bundle.unit-test";
		};
/* End PBXNativeTarget section */

/* Begin PBXProject section */
		6D3D61621C0EC518002D8420 /* Project object */ = {
			isa = PBXProject;
			attributes = {
				LastUpgradeCheck = 0710;
				ORGANIZATIONNAME = "Strategic Software Engineering LLC";
				TargetAttributes = {
					6D3D61691C0EC518002D8420 = {
						CreatedOnToolsVersion = 7.1.1;
					};
					6D3D61851C0EC518002D8420 = {
						CreatedOnToolsVersion = 7.1.1;
						TestTargetID = 6D3D61691C0EC518002D8420;
					};
				};
			};
			buildConfigurationList = 6D3D61651C0EC518002D8420 /* Build configuration list for PBXProject "icds" */;
			compatibilityVersion = "Xcode 3.2";
			developmentRegion = English;
			hasScannedForEncodings = 0;
			knownRegions = (
				en,
				Base,
			);
			mainGroup = 6D3D61611C0EC518002D8420;
			productRefGroup = 6D3D616B1C0EC518002D8420 /* Products */;
			projectDirPath = "";
			projectRoot = "";
			targets = (
				6D3D61691C0EC518002D8420 /* icds */,
				6D3D61851C0EC518002D8420 /* icdsTests */,
			);
		};
/* End PBXProject section */

/* Begin PBXResourcesBuildPhase section */
		6D3D61681C0EC518002D8420 /* Resources */ = {
			isa = PBXResourcesBuildPhase;
			buildActionMask = 2147483647;
			files = (
				6D3D61801C0EC518002D8420 /* LaunchScreen.storyboard in Resources */,
				6D3D617D1C0EC518002D8420 /* Assets.xcassets in Resources */,
				6D3D617B1C0EC518002D8420 /* Main.storyboard in Resources */,
			);
			runOnlyForDeploymentPostprocessing = 0;
		};
		6D3D61841C0EC518002D8420 /* Resources */ = {
			isa = PBXResourcesBuildPhase;
			buildActionMask = 2147483647;
			files = (
			);
			runOnlyForDeploymentPostprocessing = 0;
		};
/* End PBXResourcesBuildPhase section */

/* Begin PBXSourcesBuildPhase section */
		6D3D61661C0EC518002D8420 /* Sources */ = {
			isa = PBXSourcesBuildPhase;
			buildActionMask = 2147483647;
			files = (
				6D3D61781C0EC518002D8420 /* SecondViewController.m in Sources */,
				6D3D61721C0EC518002D8420 /* AppDelegate.m in Sources */,
				6D3D61751C0EC518002D8420 /* FirstViewController.m in Sources */,
				6D3D616F1C0EC518002D8420 /* main.m in Sources */,
			);
			runOnlyForDeploymentPostprocessing = 0;
		};
		6D3D61821C0EC518002D8420 /* Sources */ = {
			isa = PBXSourcesBuildPhase;
			buildActionMask = 2147483647;
			files = (
				6D3D618B1C0EC518002D8420 /* icdsTests.m in Sources */,
			);
			runOnlyForDeploymentPostprocessing = 0;
		};
/* End PBXSourcesBuildPhase section */

/* Begin PBXTargetDependency section */
		6D3D61881C0EC518002D8420 /* PBXTargetDependency */ = {
			isa = PBXTargetDependency;
			target = 6D3D61691C0EC518002D8420 /* icds */;
			targetProxy = 6D3D61871C0EC518002D8420 /* PBXContainerItemProxy */;
		};
/* End PBXTargetDependency section */

/* Begin PBXVariantGroup section */
		6D3D61791C0EC518002D8420 /* Main.storyboard */ = {
			isa = PBXVariantGroup;
			children = (
				6D3D617A1C0EC518002D8420 /* Base */,
			);
			name = Main.storyboard;
			sourceTree = "<group>";
		};
		6D3D617E1C0EC518002D8420 /* LaunchScreen.storyboard */ = {
			isa = PBXVariantGroup;
			children = (
				6D3D617F1C0EC518002D8420 /* Base */,
			);
			name = LaunchScreen.storyboard;
			sourceTree = "<group>";
		};
/* End PBXVariantGroup section */

/* Begin XCBuildConfiguration section */
		6D3D618D1C0EC518002D8420 /* Debug */ = {
			isa = XCBuildConfiguration;
			buildSettings = {
				ALWAYS_SEARCH_USER_PATHS = NO;
				CLANG_CXX_LANGUAGE_STANDARD = "gnu++0x";
				CLANG_CXX_LIBRARY = "libc++";
				CLANG_ENABLE_MODULES = YES;
				CLANG_ENABLE_OBJC_ARC = YES;
				CLANG_WARN_BOOL_CONVERSION = YES;
				CLANG_WARN_CONSTANT_CONVERSION = YES;
				CLANG_WARN_DIRECT_OBJC_ISA_USAGE = YES_ERROR;
				CLANG_WARN_EMPTY_BODY = YES;
				CLANG_WARN_ENUM_CONVERSION = YES;
				CLANG_WARN_INT_CONVERSION = YES;
				CLANG_WARN_OBJC_ROOT_CLASS = YES_ERROR;
				CLANG_WARN_UNREACHABLE_CODE = YES;
				CLANG_WARN__DUPLICATE_METHOD_MATCH = YES;
				"CODE_SIGN_IDENTITY[sdk=iphoneos*]" = "iPhone Developer";
				COPY_PHASE_STRIP = NO;
				DEBUG_INFORMATION_FORMAT = dwarf;
				ENABLE_STRICT_OBJC_MSGSEND = YES;
				ENABLE_TESTABILITY = YES;
				GCC_C_LANGUAGE_STANDARD = gnu99;
				GCC_DYNAMIC_NO_PIC = NO;
				GCC_NO_COMMON_BLOCKS = YES;
				GCC_OPTIMIZATION_LEVEL = 0;
				GCC_PREPROCESSOR_DEFINITIONS = (
					"DEBUG=1",
					"$(inherited)",
				);
				GCC_WARN_64_TO_32_BIT_CONVERSION = YES;
				GCC_WARN_ABOUT_RETURN_TYPE = YES_ERROR;
				GCC_WARN_UNDECLARED_SELECTOR = YES;
				GCC_WARN_UNINITIALIZED_AUTOS = YES_AGGRESSIVE;
				GCC_WARN_UNUSED_FUNCTION = YES;
				GCC_WARN_UNUSED_VARIABLE = YES;
				IPHONEOS_DEPLOYMENT_TARGET = 9.1;
				MTL_ENABLE_DEBUG_INFO = YES;
				ONLY_ACTIVE_ARCH = YES;
				SDKROOT = iphoneos;
				TARGETED_DEVICE_FAMILY = "1,2";
			};
			name = Debug;
		};
		6D3D618E1C0EC518002D8420 /* Release */ = {
			isa = XCBuildConfiguration;
			buildSettings = {
				ALWAYS_SEARCH_USER_PATHS = NO;
				CLANG_CXX_LANGUAGE_STANDARD = "gnu++0x";
				CLANG_CXX_LIBRARY = "libc++";
				CLANG_ENABLE_MODULES = YES;
				CLANG_ENABLE_OBJC_ARC = YES;
				CLANG_WARN_BOOL_CONVERSION = YES;
				CLANG_WARN_CONSTANT_CONVERSION = YES;
				CLANG_WARN_DIRECT_OBJC_ISA_USAGE = YES_ERROR;
				CLANG_WARN_EMPTY_BODY = YES;
				CLANG_WARN_ENUM_CONVERSION = YES;
				CLANG_WARN_INT_CONVERSION = YES;
				CLANG_WARN_OBJC_ROOT_CLASS = YES_ERROR;
				CLANG_WARN_UNREACHABLE_CODE = YES;
				CLANG_WARN__DUPLICATE_METHOD_MATCH = YES;
				"CODE_SIGN_IDENTITY[sdk=iphoneos*]" = "iPhone Developer";
				COPY_PHASE_STRIP = NO;
				DEBUG_INFORMATION_FORMAT = "dwarf-with-dsym";
				ENABLE_NS_ASSERTIONS = NO;
				ENABLE_STRICT_OBJC_MSGSEND = YES;
				GCC_C_LANGUAGE_STANDARD = gnu99;
				GCC_NO_COMMON_BLOCKS = YES;
				GCC_WARN_64_TO_32_BIT_CONVERSION = YES;
				GCC_WARN_ABOUT_RETURN_TYPE = YES_ERROR;
				GCC_WARN_UNDECLARED_SELECTOR = YES;
				GCC_WARN_UNINITIALIZED_AUTOS = YES_AGGRESSIVE;
				GCC_WARN_UNUSED_FUNCTION = YES;
				GCC_WARN_UNUSED_VARIABLE = YES;
				IPHONEOS_DEPLOYMENT_TARGET = 9.1;
				MTL_ENABLE_DEBUG_INFO = NO;
				SDKROOT = iphoneos;
				TARGETED_DEVICE_FAMILY = "1,2";
				VALIDATE_PRODUCT = YES;
			};
			name = Release;
		};
		6D3D61901C0EC518002D8420 /* Debug */ = {
			isa = XCBuildConfiguration;
			buildSettings = {
				ASSETCATALOG_COMPILER_APPICON_NAME = AppIcon;
				INFOPLIST_FILE = icds/Info.plist;
				LD_RUNPATH_SEARCH_PATHS = "$(inherited) @executable_path/Frameworks";
				PRODUCT_BUNDLE_IDENTIFIER = com.ijaz.icds;
				PRODUCT_NAME = "$(TARGET_NAME)";
			};
			name = Debug;
		};
		6D3D61911C0EC518002D8420 /* Release */ = {
			isa = XCBuildConfiguration;
			buildSettings = {
				ASSETCATALOG_COMPILER_APPICON_NAME = AppIcon;
				INFOPLIST_FILE = icds/Info.plist;
				LD_RUNPATH_SEARCH_PATHS = "$(inherited) @executable_path/Frameworks";
				PRODUCT_BUNDLE_IDENTIFIER = com.ijaz.icds;
				PRODUCT_NAME = "$(TARGET_NAME)";
			};
			name = Release;
		};
		6D3D61931C0EC518002D8420 /* Debug */ = {
			isa = XCBuildConfiguration;
			buildSettings = {
				BUNDLE_LOADER = "$(TEST_HOST)";
				INFOPLIST_FILE = icdsTests/Info.plist;
				LD_RUNPATH_SEARCH_PATHS = "$(inherited) @executable_path/Frameworks @loader_path/Frameworks";
				PRODUCT_BUNDLE_IDENTIFIER = com.ijaz.icdsTests;
				PRODUCT_NAME = "$(TARGET_NAME)";
				TEST_HOST = "$(BUILT_PRODUCTS_DIR)/icds.app/icds";
			};
			name = Debug;
		};
		6D3D61941C0EC518002D8420 /* Release */ = {
			isa = XCBuildConfiguration;
			buildSettings = {
				BUNDLE_LOADER = "$(TEST_HOST)";
				INFOPLIST_FILE = icdsTests/Info.plist;
				LD_RUNPATH_SEARCH_PATHS = "$(inherited) @executable_path/Frameworks @loader_path/Frameworks";
				PRODUCT_BUNDLE_IDENTIFIER = com.ijaz.icdsTests;
				PRODUCT_NAME = "$(TARGET_NAME)";
				TEST_HOST = "$(BUILT_PRODUCTS_DIR)/icds.app/icds";
			};
			name = Release;
		};
/* End XCBuildConfiguration section */

/* Begin XCConfigurationList section */
		6D3D61651C0EC518002D8420 /* Build configuration list for PBXProject "icds" */ = {
			isa = XCConfigurationList;
			buildConfigurations = (
				6D3D618D1C0EC518002D8420 /* Debug */,
				6D3D618E1C0EC518002D8420 /* Release */,
			);
			defaultConfigurationIsVisible = 0;
			defaultConfigurationName = Release;
		};
		6D3D618F1C0EC518002D8420 /* Build configuration list for PBXNativeTarget "icds" */ = {
			isa = XCConfigurationList;
			buildConfigurations = (
				6D3D61901C0EC518002D8420 /* Debug */,
				6D3D61911C0EC518002D8420 /* Release */,
			);
			defaultConfigurationIsVisible = 0;
		};
		6D3D61921C0EC518002D8420 /* Build configuration list for PBXNativeTarget "icdsTests" */ = {
			isa = XCConfigurationList;
			buildConfigurations = (
				6D3D61931C0EC518002D8420 /* Debug */,
				6D3D61941C0EC518002D8420 /* Release */,
			);
			defaultConfigurationIsVisible = 0;
		};
/* End XCConfigurationList section */
	};
	rootObject = 6D3D61621C0EC518002D8420 /* Project object */;
}
